hash: 6ffd25d5115b2a16bbb403bce918623032b065f27156e48707eff4ff28bcba8a
updated: 2016-08-25T11:30:17.040292143+02:00
imports:
- name: github.com/pkg/errors
  version: 17b591df37844cde689f4d5813e5cea0927d8dd2
- name: golang.org/x/sys
  version: 7f918dd405547ecb864d14a8ecbbfe205b5f930f
  subpackages:
  - unix
- name: gopkg.in/fsnotify.v1
  version: a8a77c9133d2d6fd8334f3260d06f60e8d80a5fb
testImports: []
