hash: 8d7306dc71a7c9b273f13b671d8aa1cbe78704f32b0a23180b583a623a49f337
updated: 2016-12-27T12:50:25.611599129+01:00
imports:
- name: github.com/google/gops
  version: 4698eb04b60ab646a8f518d4d168ac21e0c54e5f
  subpackages:
  - agent
  - internal
  - signal
- name: github.com/pkg/errors
  version: 248dadf4e9068a0b3e79f02ed0a610d935de5302
- name: golang.org/x/sys
  version: d75a52659825e75fff6158388dddc6a5b04f9ba5
  subpackages:
  - unix
- name: gopkg.in/fsnotify.v1
  version: 629574ca2a5df945712d3079857300b5e4da0236
testImports: []
