hash: 6ffd25d5115b2a16bbb403bce918623032b065f27156e48707eff4ff28bcba8a
updated: 2016-06-13T22:35:44.363864573+02:00
imports:
- name: github.com/pkg/errors
  version: 01fa4104b9c248c8945d14d9f128454d5b28d595
- name: golang.org/x/sys
  version: 7f918dd405547ecb864d14a8ecbbfe205b5f930f
  subpackages:
  - unix
- name: gopkg.in/fsnotify.v1
  version: 30411dbcefb7a1da7e84f75530ad3abe4011b4f8
devImports: []
