github.com/google/gops v0.1.0 h1:eq78BpQ7Tn+T8ppwm/ww7zzpq8aR/Cpghdo/mntT3x8=
github.com/google/gops v0.1.0/go.mod h1:pMQgrscwEK/aUSW1IFSaBPbJX82FPHWaSoJw1axQfD0=
github.com/pkg/errors v0.0.0-20161029093637-248dadf4e906 h1:aXc/AM323HlkOXjl3QuSO06wbXK45HrzBT+pwVOufXg=
github.com/pkg/errors v0.0.0-20161029093637-248dadf4e906/go.mod h1:bwawxfHBFNV+L2hUp1rHADufV3IMtnDRdf1r5NINEl0=
golang.org/x/sys v0.0.0-20161214190518-d75a52659825 h1:4d9VvrP9mESHxCpAwE1G5e1D8Ybj9v7pX19HkGQV0lk=
golang.org/x/sys v0.0.0-20161214190518-d75a52659825/go.mod h1:STP8DvDyc/dI5b8T5hshtkjS+E42TnysNCUPdjciGhY=
gopkg.in/fsnotify.v1 v1.4.2 h1:AwZiD/bIUttYJ+n/k1UwlSUsM+VSE6id7UAnSKqQ+Tc=
gopkg.in/fsnotify.v1 v1.4.2/go.mod h1:Tz8NjZHkW78fSQdbUxIjBTcgA1z1m8ZHf0WmKUhAMys=
gopkg.in/fsnotify.v1 v1.4.7 h1:xOHLXZwVvI9hhs+cLKq5+I5onOuwQLhQwiu63xxlHs4=
gopkg.in/fsnotify.v1 v1.4.7/go.mod h1:Tz8NjZHkW78fSQdbUxIjBTcgA1z1m8ZHf0WmKUhAMys=
